// !$*UTF8*$!
{
	archiveVersion = 1;
	classes = {
	};
	objectVersion = 50;
	objects = {

/* Begin PBXBuildFile section */
		9F9BC1B02433179B003457DE /* AppDelegate.swift in Sources */ = {isa = PBXBuildFile; fileRef = 9F9BC1AF2433179B003457DE /* AppDelegate.swift */; };
		9F9BC1B22433179B003457DE /* SceneDelegate.swift in Sources */ = {isa = PBXBuildFile; fileRef = 9F9BC1B12433179B003457DE /* SceneDelegate.swift */; };
		9F9BC1B42433179B003457DE /* ViewController.swift in Sources */ = {isa = PBXBuildFile; fileRef = 9F9BC1B32433179B003457DE /* ViewController.swift */; };
		9F9BC1B72433179B003457DE /* Main.storyboard in Resources */ = {isa = PBXBuildFile; fileRef = 9F9BC1B52433179B003457DE /* Main.storyboard */; };
		9F9BC1B92433179C003457DE /* Assets.xcassets in Resources */ = {isa = PBXBuildFile; fileRef = 9F9BC1B82433179C003457DE /* Assets.xcassets */; };
		9F9BC1BC2433179C003457DE /* LaunchScreen.storyboard in Resources */ = {isa = PBXBuildFile; fileRef = 9F9BC1BA2433179C003457DE /* LaunchScreen.storyboard */; };
		9F9BC1C72433179C003457DE /* DemoTests.swift in Sources */ = {isa = PBXBuildFile; fileRef = 9F9BC1C62433179C003457DE /* DemoTests.swift */; };
		9F9BC1D22433179C003457DE /* DemoUITests.swift in Sources */ = {isa = PBXBuildFile; fileRef = 9F9BC1D12433179C003457DE /* DemoUITests.swift */; };
/* End PBXBuildFile section */

/* Begin PBXContainerItemProxy section */
		9F9BC1C32433179C003457DE /* PBXContainerItemProxy */ = {
			isa = PBXContainerItemProxy;
			containerPortal = 9F9BC1A42433179B003457DE /* Project object */;
			proxyType = 1;
			remoteGlobalIDString = 9F9BC1AB2433179B003457DE;
			remoteInfo = Demo;
		};
		9F9BC1CE2433179C003457DE /* PBXContainerItemProxy */ = {
			isa = PBXContainerItemProxy;
			containerPortal = 9F9BC1A42433179B003457DE /* Project object */;
			proxyType = 1;
			remoteGlobalIDString = 9F9BC1AB2433179B003457DE;
			remoteInfo = Demo;
		};
/* End PBXContainerItemProxy section */

/* Begin PBXFileReference section */
		9F9BC1AC2433179B003457DE /* Demo.app */ = {isa = PBXFileReference; explicitFileType = wrapper.application; includeInIndex = 0; path = Demo.app; sourceTree = BUILT_PRODUCTS_DIR; };
		9F9BC1AF2433179B003457DE /* AppDelegate.swift */ = {isa = PBXFileReference; lastKnownFileType = sourcecode.swift; path = AppDelegate.swift; sourceTree = "<group>"; };
		9F9BC1B12433179B003457DE /* SceneDelegate.swift */ = {isa = PBXFileReference; lastKnownFileType = sourcecode.swift; path = SceneDelegate.swift; sourceTree = "<group>"; };
		9F9BC1B32433179B003457DE /* ViewController.swift */ = {isa = PBXFileReference; lastKnownFileType = sourcecode.swift; path = ViewController.swift; sourceTree = "<group>"; };
		9F9BC1B62433179B003457DE /* Base */ = {isa = PBXFileReference; lastKnownFileType = file.storyboard; name = Base; path = Base.lproj/Main.storyboard; sourceTree = "<group>"; };
		9F9BC1B82433179C003457DE /* Assets.xcassets */ = {isa = PBXFileReference; lastKnownFileType = folder.assetcatalog; path = Assets.xcassets; sourceTree = "<group>"; };
		9F9BC1BB2433179C003457DE /* Base */ = {isa = PBXFileReference; lastKnownFileType = file.storyboard; name = Base; path = Base.lproj/LaunchScreen.storyboard; sourceTree = "<group>"; };
		9F9BC1BD2433179C003457DE /* Info.plist */ = {isa = PBXFileReference; lastKnownFileType = text.plist.xml; path = Info.plist; sourceTree = "<group>"; };
		9F9BC1C22433179C003457DE /* DemoTests.xctest */ = {isa = PBXFileReference; explicitFileType = wrapper.cfbundle; includeInIndex = 0; path = DemoTests.xctest; sourceTree = BUILT_PRODUCTS_DIR; };
		9F9BC1C62433179C003457DE /* DemoTests.swift */ = {isa = PBXFileReference; lastKnownFileType = sourcecode.swift; path = DemoTests.swift; sourceTree = "<group>"; };
		9F9BC1C82433179C003457DE /* Info.plist */ = {isa = PBXFileReference; lastKnownFileType = text.plist.xml; path = Info.plist; sourceTree = "<group>"; };
		9F9BC1CD2433179C003457DE /* DemoUITests.xctest */ = {isa = PBXFileReference; explicitFileType = wrapper.cfbundle; includeInIndex = 0; path = DemoUITests.xctest; sourceTree = BUILT_PRODUCTS_DIR; };
		9F9BC1D12433179C003457DE /* DemoUITests.swift */ = {isa = PBXFileReference; lastKnownFileType = sourcecode.swift; path = DemoUITests.swift; sourceTree = "<group>"; };
		9F9BC1D32433179C003457DE /* Info.plist */ = {isa = PBXFileReference; lastKnownFileType = text.plist.xml; path = Info.plist; sourceTree = "<group>"; };
/* End PBXFileReference section */

/* Begin PBXFrameworksBuildPhase section */
		9F9BC1A92433179B003457DE /* Frameworks */ = {
			isa = PBXFrameworksBuildPhase;
			buildActionMask = 2147483647;
			files = (
			);
			runOnlyForDeploymentPostprocessing = 0;
		};
		9F9BC1BF2433179C003457DE /* Frameworks */ = {
			isa = PBXFrameworksBuildPhase;
			buildActionMask = 2147483647;
			files = (
			);
			runOnlyForDeploymentPostprocessing = 0;
		};
		9F9BC1CA2433179C003457DE /* Frameworks */ = {
			isa = PBXFrameworksBuildPhase;
			buildActionMask = 2147483647;
			files = (
			);
			runOnlyForDeploymentPostprocessing = 0;
		};
/* End PBXFrameworksBuildPhase section */

/* Begin PBXGroup section */
		9F9BC1A32433179B003457DE = {
			isa = PBXGroup;
			children = (
				9F9BC1AE2433179B003457DE /* Demo */,
				9F9BC1C52433179C003457DE /* DemoTests */,
				9F9BC1D02433179C003457DE /* DemoUITests */,
				9F9BC1AD2433179B003457DE /* Products */,
			);
			sourceTree = "<group>";
		};
		9F9BC1AD2433179B003457DE /* Products */ = {
			isa = PBXGroup;
			children = (
				9F9BC1AC2433179B003457DE /* Demo.app */,
				9F9BC1C22433179C003457DE /* DemoTests.xctest */,
				9F9BC1CD2433179C003457DE /* DemoUITests.xctest */,
			);
			name = Products;
			sourceTree = "<group>";
		};
		9F9BC1AE2433179B003457DE /* Demo */ = {
			isa = PBXGroup;
			children = (
				9F9BC1AF2433179B003457DE /* AppDelegate.swift */,
				9F9BC1B12433179B003457DE /* SceneDelegate.swift */,
				9F9BC1B32433179B003457DE /* ViewController.swift */,
				9F9BC1B52433179B003457DE /* Main.storyboard */,
				9F9BC1B82433179C003457DE /* Assets.xcassets */,
				9F9BC1BA2433179C003457DE /* LaunchScreen.storyboard */,
				9F9BC1BD2433179C003457DE /* Info.plist */,
			);
			path = Demo;
			sourceTree = "<group>";
		};
		9F9BC1C52433179C003457DE /* DemoTests */ = {
			isa = PBXGroup;
			children = (
				9F9BC1C62433179C003457DE /* DemoTests.swift */,
				9F9BC1C82433179C003457DE /* Info.plist */,
			);
			path = DemoTests;
			sourceTree = "<group>";
		};
		9F9BC1D02433179C003457DE /* DemoUITests */ = {
			isa = PBXGroup;
			children = (
				9F9BC1D12433179C003457DE /* DemoUITests.swift */,
				9F9BC1D32433179C003457DE /* Info.plist */,
			);
			path = DemoUITests;
			sourceTree = "<group>";
		};
/* End PBXGroup section */

/* Begin PBXNativeTarget section */
		9F9BC1AB2433179B003457DE /* Demo */ = {
			isa = PBXNativeTarget;
			buildConfigurationList = 9F9BC1D62433179C003457DE /* Build configuration list for PBXNativeTarget "Demo" */;
			buildPhases = (
				9F9BC1A82433179B003457DE /* Sources */,
				9F9BC1A92433179B003457DE /* Frameworks */,
				9F9BC1AA2433179B003457DE /* Resources */,
			);
			buildRules = (
			);
			dependencies = (
			);
			name = Demo;
			productName = Demo;
			productReference = 9F9BC1AC2433179B003457DE /* Demo.app */;
			productType = "com.apple.product-type.application";
		};
		9F9BC1C12433179C003457DE /* DemoTests */ = {
			isa = PBXNativeTarget;
			buildConfigurationList = 9F9BC1D92433179C003457DE /* Build configuration list for PBXNativeTarget "DemoTests" */;
			buildPhases = (
				9F9BC1BE2433179C003457DE /* Sources */,
				9F9BC1BF2433179C003457DE /* Frameworks */,
				9F9BC1C02433179C003457DE /* Resources */,
			);
			buildRules = (
			);
			dependencies = (
				9F9BC1C42433179C003457DE /* PBXTargetDependency */,
			);
			name = DemoTests;
			productName = DemoTests;
			productReference = 9F9BC1C22433179C003457DE /* DemoTests.xctest */;
			productType = "com.apple.product-type.bundle.unit-test";
		};
		9F9BC1CC2433179C003457DE /* DemoUITests */ = {
			isa = PBXNativeTarget;
			buildConfigurationList = 9F9BC1DC2433179C003457DE /* Build configuration list for PBXNativeTarget "DemoUITests" */;
			buildPhases = (
				9F9BC1C92433179C003457DE /* Sources */,
				9F9BC1CA2433179C003457DE /* Frameworks */,
				9F9BC1CB2433179C003457DE /* Resources */,
			);
			buildRules = (
			);
			dependencies = (
				9F9BC1CF2433179C003457DE /* PBXTargetDependency */,
			);
			name = DemoUITests;
			productName = DemoUITests;
			productReference = 9F9BC1CD2433179C003457DE /* DemoUITests.xctest */;
			productType = "com.apple.product-type.bundle.ui-testing";
		};
/* End PBXNativeTarget section */

/* Begin PBXProject section */
		9F9BC1A42433179B003457DE /* Project object */ = {
			isa = PBXProject;
			attributes = {
				LastSwiftUpdateCheck = 1130;
				LastUpgradeCheck = 1130;
				ORGANIZATIONNAME = "Matrix Solution Ltd.";
				TargetAttributes = {
					9F9BC1AB2433179B003457DE = {
						CreatedOnToolsVersion = 11.3;
					};
					9F9BC1C12433179C003457DE = {
						CreatedOnToolsVersion = 11.3;
						TestTargetID = 9F9BC1AB2433179B003457DE;
					};
					9F9BC1CC2433179C003457DE = {
						CreatedOnToolsVersion = 11.3;
						TestTargetID = 9F9BC1AB2433179B003457DE;
					};
				};
			};
			buildConfigurationList = 9F9BC1A72433179B003457DE /* Build configuration list for PBXProject "Demo" */;
			compatibilityVersion = "Xcode 9.3";
			developmentRegion = en;
			hasScannedForEncodings = 0;
			knownRegions = (
				en,
				Base,
			);
			mainGroup = 9F9BC1A32433179B003457DE;
			productRefGroup = 9F9BC1AD2433179B003457DE /* Products */;
			projectDirPath = "";
			projectRoot = "";
			targets = (
				9F9BC1AB2433179B003457DE /* Demo */,
				9F9BC1C12433179C003457DE /* DemoTests */,
				9F9BC1CC2433179C003457DE /* DemoUITests */,
			);
		};
/* End PBXProject section */

/* Begin PBXResourcesBuildPhase section */
		9F9BC1AA2433179B003457DE /* Resources */ = {
			isa = PBXResourcesBuildPhase;
			buildActionMask = 2147483647;
			files = (
				9F9BC1BC2433179C003457DE /* LaunchScreen.storyboard in Resources */,
				9F9BC1B92433179C003457DE /* Assets.xcassets in Resources */,
				9F9BC1B72433179B003457DE /* Main.storyboard in Resources */,
			);
			runOnlyForDeploymentPostprocessing = 0;
		};
		9F9BC1C02433179C003457DE /* Resources */ = {
			isa = PBXResourcesBuildPhase;
			buildActionMask = 2147483647;
			files = (
			);
			runOnlyForDeploymentPostprocessing = 0;
		};
		9F9BC1CB2433179C003457DE /* Resources */ = {
			isa = PBXResourcesBuildPhase;
			buildActionMask = 2147483647;
			files = (
			);
			runOnlyForDeploymentPostprocessing = 0;
		};
/* End PBXResourcesBuildPhase section */

/* Begin PBXSourcesBuildPhase section */
		9F9BC1A82433179B003457DE /* Sources */ = {
			isa = PBXSourcesBuildPhase;
			buildActionMask = 2147483647;
			files = (
				9F9BC1B42433179B003457DE /* ViewController.swift in Sources */,
				9F9BC1B02433179B003457DE /* AppDelegate.swift in Sources */,
				9F9BC1B22433179B003457DE /* SceneDelegate.swift in Sources */,
			);
			runOnlyForDeploymentPostprocessing = 0;
		};
		9F9BC1BE2433179C003457DE /* Sources */ = {
			isa = PBXSourcesBuildPhase;
			buildActionMask = 2147483647;
			files = (
				9F9BC1C72433179C003457DE /* DemoTests.swift in Sources */,
			);
			runOnlyForDeploymentPostprocessing = 0;
		};
		9F9BC1C92433179C003457DE /* Sources */ = {
			isa = PBXSourcesBuildPhase;
			buildActionMask = 2147483647;
			files = (
				9F9BC1D22433179C003457DE /* DemoUITests.swift in Sources */,
			);
			runOnlyForDeploymentPostprocessing = 0;
		};
/* End PBXSourcesBuildPhase section */

/* Begin PBXTargetDependency section */
		9F9BC1C42433179C003457DE /* PBXTargetDependency */ = {
			isa = PBXTargetDependency;
			target = 9F9BC1AB2433179B003457DE /* Demo */;
			targetProxy = 9F9BC1C32433179C003457DE /* PBXContainerItemProxy */;
		};
		9F9BC1CF2433179C003457DE /* PBXTargetDependency */ = {
			isa = PBXTargetDependency;
			target = 9F9BC1AB2433179B003457DE /* Demo */;
			targetProxy = 9F9BC1CE2433179C003457DE /* PBXContainerItemProxy */;
		};
/* End PBXTargetDependency section */

/* Begin PBXVariantGroup section */
		9F9BC1B52433179B003457DE /* Main.storyboard */ = {
			isa = PBXVariantGroup;
			children = (
				9F9BC1B62433179B003457DE /* Base */,
			);
			name = Main.storyboard;
			sourceTree = "<group>";
		};
		9F9BC1BA2433179C003457DE /* LaunchScreen.storyboard */ = {
			isa = PBXVariantGroup;
			children = (
				9F9BC1BB2433179C003457DE /* Base */,
			);
			name = LaunchScreen.storyboard;
			sourceTree = "<group>";
		};
/* End PBXVariantGroup section */

/* Begin XCBuildConfiguration section */
		9F9BC1D42433179C003457DE /* Debug */ = {
			isa = XCBuildConfiguration;
			buildSettings = {
				ALWAYS_SEARCH_USER_PATHS = NO;
				CLANG_ANALYZER_NONNULL = YES;
				CLANG_ANALYZER_NUMBER_OBJECT_CONVERSION = YES_AGGRESSIVE;
				CLANG_CXX_LANGUAGE_STANDARD = "gnu++14";
				CLANG_CXX_LIBRARY = "libc++";
				CLANG_ENABLE_MODULES = YES;
				CLANG_ENABLE_OBJC_ARC = YES;
				CLANG_ENABLE_OBJC_WEAK = YES;
				CLANG_WARN_BLOCK_CAPTURE_AUTORELEASING = YES;
				CLANG_WARN_BOOL_CONVERSION = YES;
				CLANG_WARN_COMMA = YES;
				CLANG_WARN_CONSTANT_CONVERSION = YES;
				CLANG_WARN_DEPRECATED_OBJC_IMPLEMENTATIONS = YES;
				CLANG_WARN_DIRECT_OBJC_ISA_USAGE = YES_ERROR;
				CLANG_WARN_DOCUMENTATION_COMMENTS = YES;
				CLANG_WARN_EMPTY_BODY = YES;
				CLANG_WARN_ENUM_CONVERSION = YES;
				CLANG_WARN_INFINITE_RECURSION = YES;
				CLANG_WARN_INT_CONVERSION = YES;
				CLANG_WARN_NON_LITERAL_NULL_CONVERSION = YES;
				CLANG_WARN_OBJC_IMPLICIT_RETAIN_SELF = YES;
				CLANG_WARN_OBJC_LITERAL_CONVERSION = YES;
				CLANG_WARN_OBJC_ROOT_CLASS = YES_ERROR;
				CLANG_WARN_RANGE_LOOP_ANALYSIS = YES;
				CLANG_WARN_STRICT_PROTOTYPES = YES;
				CLANG_WARN_SUSPICIOUS_MOVE = YES;
				CLANG_WARN_UNGUARDED_AVAILABILITY = YES_AGGRESSIVE;
				CLANG_WARN_UNREACHABLE_CODE = YES;
				CLANG_WARN__DUPLICATE_METHOD_MATCH = YES;
				COPY_PHASE_STRIP = NO;
				DEBUG_INFORMATION_FORMAT = dwarf;
				ENABLE_STRICT_OBJC_MSGSEND = YES;
				ENABLE_TESTABILITY = YES;
				GCC_C_LANGUAGE_STANDARD = gnu11;
				GCC_DYNAMIC_NO_PIC = NO;
				GCC_NO_COMMON_BLOCKS = YES;
				GCC_OPTIMIZATION_LEVEL = 0;
				GCC_PREPROCESSOR_DEFINITIONS = (
					"DEBUG=1",
					"$(inherited)",
				);
				GCC_WARN_64_TO_32_BIT_CONVERSION = YES;
				GCC_WARN_ABOUT_RETURN_TYPE = YES_ERROR;
				GCC_WARN_UNDECLARED_SELECTOR = YES;
				GCC_WARN_UNINITIALIZED_AUTOS = YES_AGGRESSIVE;
				GCC_WARN_UNUSED_FUNCTION = YES;
				GCC_WARN_UNUSED_VARIABLE = YES;
				IPHONEOS_DEPLOYMENT_TARGET = 13.2;
				MTL_ENABLE_DEBUG_INFO = INCLUDE_SOURCE;
				MTL_FAST_MATH = YES;
				ONLY_ACTIVE_ARCH = YES;
				SDKROOT = iphoneos;
				SWIFT_ACTIVE_COMPILATION_CONDITIONS = DEBUG;
				SWIFT_OPTIMIZATION_LEVEL = "-Onone";
			};
			name = Debug;
		};
		9F9BC1D52433179C003457DE /* Release */ = {
			isa = XCBuildConfiguration;
			buildSettings = {
				ALWAYS_SEARCH_USER_PATHS = NO;
				CLANG_ANALYZER_NONNULL = YES;
				CLANG_ANALYZER_NUMBER_OBJECT_CONVERSION = YES_AGGRESSIVE;
				CLANG_CXX_LANGUAGE_STANDARD = "gnu++14";
				CLANG_CXX_LIBRARY = "libc++";
				CLANG_ENABLE_MODULES = YES;
				CLANG_ENABLE_OBJC_ARC = YES;
				CLANG_ENABLE_OBJC_WEAK = YES;
				CLANG_WARN_BLOCK_CAPTURE_AUTORELEASING = YES;
				CLANG_WARN_BOOL_CONVERSION = YES;
				CLANG_WARN_COMMA = YES;
				CLANG_WARN_CONSTANT_CONVERSION = YES;
				CLANG_WARN_DEPRECATED_OBJC_IMPLEMENTATIONS = YES;
				CLANG_WARN_DIRECT_OBJC_ISA_USAGE = YES_ERROR;
				CLANG_WARN_DOCUMENTATION_COMMENTS = YES;
				CLANG_WARN_EMPTY_BODY = YES;
				CLANG_WARN_ENUM_CONVERSION = YES;
				CLANG_WARN_INFINITE_RECURSION = YES;
				CLANG_WARN_INT_CONVERSION = YES;
				CLANG_WARN_NON_LITERAL_NULL_CONVERSION = YES;
				CLANG_WARN_OBJC_IMPLICIT_RETAIN_SELF = YES;
				CLANG_WARN_OBJC_LITERAL_CONVERSION = YES;
				CLANG_WARN_OBJC_ROOT_CLASS = YES_ERROR;
				CLANG_WARN_RANGE_LOOP_ANALYSIS = YES;
				CLANG_WARN_STRICT_PROTOTYPES = YES;
				CLANG_WARN_SUSPICIOUS_MOVE = YES;
				CLANG_WARN_UNGUARDED_AVAILABILITY = YES_AGGRESSIVE;
				CLANG_WARN_UNREACHABLE_CODE = YES;
				CLANG_WARN__DUPLICATE_METHOD_MATCH = YES;
				COPY_PHASE_STRIP = NO;
				DEBUG_INFORMATION_FORMAT = "dwarf-with-dsym";
				ENABLE_NS_ASSERTIONS = NO;
				ENABLE_STRICT_OBJC_MSGSEND = YES;
				GCC_C_LANGUAGE_STANDARD = gnu11;
				GCC_NO_COMMON_BLOCKS = YES;
				GCC_WARN_64_TO_32_BIT_CONVERSION = YES;
				GCC_WARN_ABOUT_RETURN_TYPE = YES_ERROR;
				GCC_WARN_UNDECLARED_SELECTOR = YES;
				GCC_WARN_UNINITIALIZED_AUTOS = YES_AGGRESSIVE;
				GCC_WARN_UNUSED_FUNCTION = YES;
				GCC_WARN_UNUSED_VARIABLE = YES;
				IPHONEOS_DEPLOYMENT_TARGET = 13.2;
				MTL_ENABLE_DEBUG_INFO = NO;
				MTL_FAST_MATH = YES;
				SDKROOT = iphoneos;
				SWIFT_COMPILATION_MODE = wholemodule;
				SWIFT_OPTIMIZATION_LEVEL = "-O";
				VALIDATE_PRODUCT = YES;
			};
			name = Release;
		};
		9F9BC1D72433179C003457DE /* Debug */ = {
			isa = XCBuildConfiguration;
			buildSettings = {
				ASSETCATALOG_COMPILER_APPICON_NAME = AppIcon;
				CODE_SIGN_STYLE = Automatic;
				DEVELOPMENT_TEAM = 3KG77SNJZD;
				INFOPLIST_FILE = Demo/Info.plist;
				LD_RUNPATH_SEARCH_PATHS = (
					"$(inherited)",
					"@executable_path/Frameworks",
				);
				PRODUCT_BUNDLE_IDENTIFIER = com.emraz.Demo;
				PRODUCT_NAME = "$(TARGET_NAME)";
				SWIFT_VERSION = 5.0;
				TARGETED_DEVICE_FAMILY = "1,2";
			};
			name = Debug;
		};
		9F9BC1D82433179C003457DE /* Release */ = {
			isa = XCBuildConfiguration;
			buildSettings = {
				ASSETCATALOG_COMPILER_APPICON_NAME = AppIcon;
				CODE_SIGN_STYLE = Automatic;
				DEVELOPMENT_TEAM = 3KG77SNJZD;
				INFOPLIST_FILE = Demo/Info.plist;
				LD_RUNPATH_SEARCH_PATHS = (
					"$(inherited)",
					"@executable_path/Frameworks",
				);
				PRODUCT_BUNDLE_IDENTIFIER = com.emraz.Demo;
				PRODUCT_NAME = "$(TARGET_NAME)";
				SWIFT_VERSION = 5.0;
				TARGETED_DEVICE_FAMILY = "1,2";
			};
			name = Release;
		};
		9F9BC1DA2433179C003457DE /* Debug */ = {
			isa = XCBuildConfiguration;
			buildSettings = {
				ALWAYS_EMBED_SWIFT_STANDARD_LIBRARIES = YES;
				BUNDLE_LOADER = "$(TEST_HOST)";
				CODE_SIGN_STYLE = Automatic;
				DEVELOPMENT_TEAM = 3KG77SNJZD;
				INFOPLIST_FILE = DemoTests/Info.plist;
				IPHONEOS_DEPLOYMENT_TARGET = 13.2;
				LD_RUNPATH_SEARCH_PATHS = (
					"$(inherited)",
					"@executable_path/Frameworks",
					"@loader_path/Frameworks",
				);
				PRODUCT_BUNDLE_IDENTIFIER = com.emraz.DemoTests;
				PRODUCT_NAME = "$(TARGET_NAME)";
				SWIFT_VERSION = 5.0;
				TARGETED_DEVICE_FAMILY = "1,2";
				TEST_HOST = "$(BUILT_PRODUCTS_DIR)/Demo.app/Demo";
			};
			name = Debug;
		};
		9F9BC1DB2433179C003457DE /* Release */ = {
			isa = XCBuildConfiguration;
			buildSettings = {
				ALWAYS_EMBED_SWIFT_STANDARD_LIBRARIES = YES;
				BUNDLE_LOADER = "$(TEST_HOST)";
				CODE_SIGN_STYLE = Automatic;
				DEVELOPMENT_TEAM = 3KG77SNJZD;
				INFOPLIST_FILE = DemoTests/Info.plist;
				IPHONEOS_DEPLOYMENT_TARGET = 13.2;
				LD_RUNPATH_SEARCH_PATHS = (
					"$(inherited)",
					"@executable_path/Frameworks",
					"@loader_path/Frameworks",
				);
				PRODUCT_BUNDLE_IDENTIFIER = com.emraz.DemoTests;
				PRODUCT_NAME = "$(TARGET_NAME)";
				SWIFT_VERSION = 5.0;
				TARGETED_DEVICE_FAMILY = "1,2";
				TEST_HOST = "$(BUILT_PRODUCTS_DIR)/Demo.app/Demo";
			};
			name = Release;
		};
		9F9BC1DD2433179C003457DE /* Debug */ = {
			isa = XCBuildConfiguration;
			buildSettings = {
				ALWAYS_EMBED_SWIFT_STANDARD_LIBRARIES = YES;
				CODE_SIGN_STYLE = Automatic;
				DEVELOPMENT_TEAM = 3KG77SNJZD;
				INFOPLIST_FILE = DemoUITests/Info.plist;
				LD_RUNPATH_SEARCH_PATHS = (
					"$(inherited)",
					"@executable_path/Frameworks",
					"@loader_path/Frameworks",
				);
				PRODUCT_BUNDLE_IDENTIFIER = com.emraz.DemoUITests;
				PRODUCT_NAME = "$(TARGET_NAME)";
				SWIFT_VERSION = 5.0;
				TARGETED_DEVICE_FAMILY = "1,2";
				TEST_TARGET_NAME = Demo;
			};
			name = Debug;
		};
		9F9BC1DE2433179C003457DE /* Release */ = {
			isa = XCBuildConfiguration;
			buildSettings = {
				ALWAYS_EMBED_SWIFT_STANDARD_LIBRARIES = YES;
				CODE_SIGN_STYLE = Automatic;
				DEVELOPMENT_TEAM = 3KG77SNJZD;
				INFOPLIST_FILE = DemoUITests/Info.plist;
				LD_RUNPATH_SEARCH_PATHS = (
					"$(inherited)",
					"@executable_path/Frameworks",
					"@loader_path/Frameworks",
				);
				PRODUCT_BUNDLE_IDENTIFIER = com.emraz.DemoUITests;
				PRODUCT_NAME = "$(TARGET_NAME)";
				SWIFT_VERSION = 5.0;
				TARGETED_DEVICE_FAMILY = "1,2";
				TEST_TARGET_NAME = Demo;
			};
			name = Release;
		};
/* End XCBuildConfiguration section */

/* Begin XCConfigurationList section */
		9F9BC1A72433179B003457DE /* Build configuration list for PBXProject "Demo" */ = {
			isa = XCConfigurationList;
			buildConfigurations = (
				9F9BC1D42433179C003457DE /* Debug */,
				9F9BC1D52433179C003457DE /* Release */,
			);
			defaultConfigurationIsVisible = 0;
			defaultConfigurationName = Release;
		};
		9F9BC1D62433179C003457DE /* Build configuration list for PBXNativeTarget "Demo" */ = {
			isa = XCConfigurationList;
			buildConfigurations = (
				9F9BC1D72433179C003457DE /* Debug */,
				9F9BC1D82433179C003457DE /* Release */,
			);
			defaultConfigurationIsVisible = 0;
			defaultConfigurationName = Release;
		};
		9F9BC1D92433179C003457DE /* Build configuration list for PBXNativeTarget "DemoTests" */ = {
			isa = XCConfigurationList;
			buildConfigurations = (
				9F9BC1DA2433179C003457DE /* Debug */,
				9F9BC1DB2433179C003457DE /* Release */,
			);
			defaultConfigurationIsVisible = 0;
			defaultConfigurationName = Release;
		};
		9F9BC1DC2433179C003457DE /* Build configuration list for PBXNativeTarget "DemoUITests" */ = {
			isa = XCConfigurationList;
			buildConfigurations = (
				9F9BC1DD2433179C003457DE /* Debug */,
				9F9BC1DE2433179C003457DE /* Release */,
			);
			defaultConfigurationIsVisible = 0;
			defaultConfigurationName = Release;
		};
/* End XCConfigurationList section */
	};
	rootObject = 9F9BC1A42433179B003457DE /* Project object */;
}
